{
    "_meta": {
        "hash": {
            "sha256": "2c65c11398450fcd10d1bdc5b973a809dd6cb90486d1b4bc1305e73afb66bef7"
        },
        "pipfile-spec": 6,
        "requires": {
            "python_version": "3.7"
        },
        "sources": [
            {
                "name": "pypi",
                "url": "https://pypi.org/simple",
                "verify_ssl": true
            }
        ]
    },
    "default": {
        "asn1crypto": {
            "hashes": [
                "sha256:2f1adbb7546ed199e3c90ef23ec95c5cf3585bac7d11fb7eb562a3fe89c64e87",
                "sha256:9d5c20441baf0cb60a4ac34cc447c6c189024b6b4c6cd7877034f4965c464e49"
            ],
            "version": "==0.24.0"
        },
        "certifi": {
            "hashes": [
                "sha256:47f9c83ef4c0c621eaef743f133f09fa8a74a9b75f037e8624f83bd1b6626cb7",
                "sha256:993f830721089fef441cdfeb4b2c8c9df86f0c63239f06bd025a76a7daddb033"
            ],
            "version": "==2018.11.29"
        },
        "cffi": {
            "hashes": [
                "sha256:0b5f895714a7a9905148fc51978c62e8a6cbcace30904d39dcd0d9e2265bb2f6",
                "sha256:27cdc7ba35ee6aa443271d11583b50815c4bb52be89a909d0028e86c21961709",
                "sha256:2d4a38049ea93d5ce3c7659210393524c1efc3efafa151bd85d196fa98fce50a",
                "sha256:3262573d0d60fc6b9d0e0e6e666db0e5045cbe8a531779aa0deb3b425ec5a282",
                "sha256:358e96cfffc185ab8f6e7e425c7bb028931ed08d65402fbcf3f4e1bff6e66556",
                "sha256:37c7db824b5687fbd7ea5519acfd054c905951acc53503547c86be3db0580134",
                "sha256:39b9554dfe60f878e0c6ff8a460708db6e1b1c9cc6da2c74df2955adf83e355d",
                "sha256:42b96a77acf8b2d06821600fa87c208046decc13bd22a4a0e65c5c973443e0da",
                "sha256:5b37dde5035d3c219324cac0e69d96495970977f310b306fa2df5910e1f329a1",
                "sha256:5d35819f5566d0dd254f273d60cf4a2dcdd3ae3003dfd412d40b3fe8ffd87509",
                "sha256:5df73aa465e53549bd03c819c1bc69fb85529a5e1a693b7b6cb64408dd3970d1",
                "sha256:7075b361f7a4d0d4165439992d0b8a3cdfad1f302bf246ed9308a2e33b046bd3",
                "sha256:7678b5a667b0381c173abe530d7bdb0e6e3b98e062490618f04b80ca62686d96",
                "sha256:7dfd996192ff8a535458c17f22ff5eb78b83504c34d10eefac0c77b1322609e2",
                "sha256:8a3be5d31d02c60f84c4fd4c98c5e3a97b49f32e16861367f67c49425f955b28",
                "sha256:9812e53369c469506b123aee9dcb56d50c82fad60c5df87feb5ff59af5b5f55c",
                "sha256:9b6f7ba4e78c52c1a291d0c0c0bd745d19adde1a9e1c03cb899f0c6efd6f8033",
                "sha256:a85bc1d7c3bba89b3d8c892bc0458de504f8b3bcca18892e6ed15b5f7a52ad9d",
                "sha256:aa6b9c843ad645ebb12616de848cc4e25a40f633ccc293c3c9fe34107c02c2ea",
                "sha256:bae1aa56ee00746798beafe486daa7cfb586cd395c6ce822ba3068e48d761bc0",
                "sha256:bae96e26510e4825d5910a196bf6b5a11a18b87d9278db6d08413be8ea799469",
                "sha256:bd78df3b594013b227bf31d0301566dc50ba6f40df38a70ded731d5a8f2cb071",
                "sha256:c2711197154f46d06f73542c539a0ff5411f1951fab391e0a4ac8359badef719",
                "sha256:d998c20e3deed234fca993fd6c8314cb7cbfda05fd170f1bd75bb5d7421c3c5a",
                "sha256:df4f840d77d9e37136f8e6b432fecc9d6b8730f18f896e90628712c793466ce6",
                "sha256:f5653c2581acb038319e6705d4e3593677676df14b112f13e0b5b44b6a18df1a",
                "sha256:f7c7aa485a2e2250d455148470ffd0195eecc3d845122635202d7467d6f7b4cf",
                "sha256:f9e2c66a6493147de835f207f198540a56b26745ce4f272fbc7c2f2cfebeb729"
            ],
            "version": "==1.12.1"
        },
        "chardet": {
            "hashes": [
                "sha256:84ab92ed1c4d4f16916e05906b6b75a6c0fb5db821cc65e70cbd64a3e2a5eaae",
                "sha256:fc323ffcaeaed0e0a02bf4d117757b98aed530d9ed4531e3e15460124c106691"
            ],
            "version": "==3.0.4"
        },
        "click": {
            "hashes": [
                "sha256:2335065e6395b9e67ca716de5f7526736bfa6ceead690adf616d925bdc622b13",
                "sha256:5b94b49521f6456670fdb30cd82a4eca9412788a93fa6dd6df72c94d5a8ff2d7"
            ],
            "index": "pypi",
            "version": "==7.0"
        },
        "cryptography": {
            "hashes": [
                "sha256:05a6052c6a9f17ff78ba78f8e6eb1d777d25db3b763343a1ae89a7a8670386dd",
                "sha256:0eb83a24c650a36f68e31a6d0a70f7ad9c358fa2506dc7b683398b92e354a038",
                "sha256:0ff4a3d6ea86aa0c9e06e92a9f986de7ee8231f36c4da1b31c61a7e692ef3378",
                "sha256:1699f3e916981df32afdd014fb3164db28cdb61c757029f502cb0a8c29b2fdb3",
                "sha256:1b1f136d74f411f587b07c076149c4436a169dc19532e587460d9ced24adcc13",
                "sha256:21e63dd20f5e5455e8b34179ac43d95b3fb1ffa54d071fd2ed5d67da82cfe6dc",
                "sha256:2454ada8209bbde97065453a6ca488884bbb263e623d35ba183821317a58b46f",
                "sha256:3cdc5f7ca057b2214ce4569e01b0f368b3de9d8ee01887557755ccd1c15d9427",
                "sha256:418e7a5ec02a7056d3a4f0c0e7ea81df374205f25f4720bb0e84189aa5fd2515",
                "sha256:471a097076a7c4ab85561d7fa9a1239bd2ae1f9fd0047520f13d8b340bf3210b",
                "sha256:5ecaf9e7db3ca582c6de6229525d35db8a4e59dc3e8a40a331674ed90e658cbf",
                "sha256:63b064a074f8dc61be81449796e2c3f4e308b6eba04a241a5c9f2d05e882c681",
                "sha256:6afe324dfe6074822ccd56d80420df750e19ac30a4e56c925746c735cf22ae8b",
                "sha256:70596e90398574b77929cd87e1ac6e43edd0e29ba01e1365fed9c26bde295aa5",
                "sha256:70c2b04e905d3f72e2ba12c58a590817128dfca08949173faa19a42c824efa0b",
                "sha256:8908f1db90be48b060888e9c96a0dee9d842765ce9594ff6a23da61086116bb6",
                "sha256:af12dfc9874ac27ebe57fc28c8df0e8afa11f2a1025566476b0d50cdb8884f70",
                "sha256:b4fc04326b2d259ddd59ed8ea20405d2e695486ab4c5e1e49b025c484845206e",
                "sha256:da5b5dda4aa0d5e2b758cc8dfc67f8d4212e88ea9caad5f61ba132f948bab859"
            ],
            "index": "pypi",
            "version": "==2.4.2"
        },
        "idna": {
            "hashes": [
                "sha256:c357b3f628cf53ae2c4c05627ecc484553142ca23264e593d327bcde5e9c3407",
                "sha256:ea8b7f6188e6fa117537c3df7da9fc686d485087abf6ac197f9c46432f7e4a3c"
            ],
            "version": "==2.8"
        },
        "pycodestyle": {
            "hashes": [
                "sha256:cbc619d09254895b0d12c2c691e237b2e91e9b2ecf5e84c26b35400f93dcfb83",
                "sha256:cbfca99bd594a10f674d0cd97a3d802a1fdef635d4361e1a2658de47ed261e3a"
            ],
            "index": "pypi",
            "version": "==2.4.0"
        },
        "pycparser": {
            "hashes": [
                "sha256:a988718abfad80b6b157acce7bf130a30876d27603738ac39f140993246b25b3"
            ],
            "version": "==2.19"
        },
        "pyopenssl": {
            "hashes": [
                "sha256:aeca66338f6de19d1aa46ed634c3b9ae519a64b458f8468aec688e7e3c20f200",
                "sha256:c727930ad54b10fc157015014b666f2d8b41f70c0d03e83ab67624fd3dd5d1e6"
            ],
            "index": "pypi",
            "version": "==19.0.0"
        },
        "python-gnupg": {
            "hashes": [
                "sha256:2d158dfc6b54927752b945ebe57e6a0c45da27747fa3b9ae66eccc0d2147ac0d",
                "sha256:faa69bab58ed0936f0ccf96c99b92369b7a1819305d37dfe5c927d21a437a09d"
            ],
            "index": "pypi",
            "version": "==0.4.3"
        },
        "requests": {
            "hashes": [
                "sha256:502a824f31acdacb3a35b6690b5fbf0bc41d63a24a45c4004352b0242707598e",
                "sha256:7bf2a778576d825600030a110f3c0e3e8edc51dfaafe1c146e39a2027784957b"
            ],
            "index": "pypi",
            "version": "==2.21.0"
        },
        "six": {
            "hashes": [
                "sha256:3350809f0555b11f552448330d0b52d5f24c91a322ea4a15ef22629740f3761c",
                "sha256:d16a0141ec1a18405cd4ce8b4613101da75da0e9a7aec5bdd4fa804d0e0eba73"
            ],
            "version": "==1.12.0"
        },
        "urllib3": {
            "hashes": [
                "sha256:61bf29cada3fc2fbefad4fdf059ea4bd1b4a86d2b6d15e1c7c0b582b9752fe39",
                "sha256:de9529817c93f27c8ccbfead6985011db27bd0ddfcdb2d86f3f663385c6a9c22"
            ],
            "version": "==1.24.1"
        }
    },
    "develop": {}
}
